<?xml version="1.0" encoding="utf-8"?>
<Project ToolsVersion="4.0" xmlns="http://schemas.microsoft.com/developer/msbuild/2003">
  <ItemGroup>
    <Filter Include="Assets">
      <UniqueIdentifier>{61E45480-C26C-4C1E-98AF-C5F4BCDA5AC4}</UniqueIdentifier>
      <Extensions>ico;cur;bmp;dds;dlg;fbx;rct;bin;rgs;gif;jpg;jpeg;jpe;resx;tga;tiff;tif;png;wav;mfcribbon-ms</Extensions>
    </Filter>
  </ItemGroup>
  <ItemGroup>
    <ClInclude Include="pch.h" />
    <ClInclude Include="Game.h" />
    <ClInclude Include="StepTimer.h" />
    <ClInclude Include="resource.h" />
    <ClInclude Include="GameLite.h" />
    <ClInclude Include="ResLoader.h" />
    <ClInclude Include="Win7PlatformUpdateCheck.h" />
    <ClInclude Include="ProgressDialog.h" />
    <ClInclude Include="ProgressDialogRes.h" />
  </ItemGroup>
  <ItemGroup>
    <ClCompile Include="pch.cpp" />
    <ClCompile Include="Game.cpp" />
    <ClCompile Include="Main.cpp" />
    <ClCompile Include="GameLite.cpp" />
    <ClCompile Include="ResLoader.cpp" />
    <ClCompile Include="Win7PlatformUpdateCheck.cpp" />
    <ClCompile Include="ProgressDialog.cpp" />
  </ItemGroup>
  <ItemGroup>
    <Image Include="directx.ico">
      <Filter>Assets</Filter>
    </Image>
  </ItemGroup>
  <ItemGroup>
    <Manifest Include="settings.manifest">
      <Filter>Assets</Filter>
    </Manifest>
  </ItemGroup>
  <ItemGroup>
    <ResourceCompile Include="resource.rc" />
    <ResourceCompile Include="ProgressDialog.rc" />
  </ItemGroup>
</Project>