
Microsoft Visual Studio Solution File, Format Version 12.00
# Visual Studio 15
VisualStudioVersion = 15.0.28307.1913
MinimumVisualStudioVersion = 10.0.40219.1
Project("{8BC9CEB8-8B4A-11D0-8D11-00A0C91BC942}") = "Game", "Game\Game.vcxproj", "{BA4EB2AB-603E-4FE9-AB8D-4CBB58F669BE}"
EndProject
Project("{8BC9CEB8-8B4A-11D0-8D11-00A0C91BC942}") = "DirectXTex", "DirectXTex\DirectXTex\DirectXTex_Desktop_2017.vcxproj", "{371B9FA9-4C90-4AC6-A123-ACED756D6C77}"
EndProject
Project("{8BC9CEB8-8B4A-11D0-8D11-00A0C91BC942}") = "DirectXTK_Desktop_2017", "DirectXTK\DirectXTK_Desktop_2017.vcxproj", "{E0B52AE7-E160-4D32-BF3F-910B785E5A8E}"
EndProject
Global
	GlobalSection(SolutionConfigurationPlatforms) = preSolution
		Debug|Any CPU = Debug|Any CPU
		Debug|ARM64 = Debug|ARM64
		Debug|x64 = Debug|x64
		Debug|x86 = Debug|x86
		Profile|Any CPU = Profile|Any CPU
		Profile|ARM64 = Profile|ARM64
		Profile|x64 = Profile|x64
		Profile|x86 = Profile|x86
		Release|Any CPU = Release|Any CPU
		Release|ARM64 = Release|ARM64
		Release|x64 = Release|x64
		Release|x86 = Release|x86
	EndGlobalSection
	GlobalSection(ProjectConfigurationPlatforms) = postSolution
		{BA4EB2AB-603E-4FE9-AB8D-4CBB58F669BE}.Debug|Any CPU.ActiveCfg = Debug|Win32
		{BA4EB2AB-603E-4FE9-AB8D-4CBB58F669BE}.Debug|ARM64.ActiveCfg = Debug|Win32
		{BA4EB2AB-603E-4FE9-AB8D-4CBB58F669BE}.Debug|x64.ActiveCfg = Debug|x64
		{BA4EB2AB-603E-4FE9-AB8D-4CBB58F669BE}.Debug|x64.Build.0 = Debug|x64
		{BA4EB2AB-603E-4FE9-AB8D-4CBB58F669BE}.Debug|x86.ActiveCfg = Debug|Win32
		{BA4EB2AB-603E-4FE9-AB8D-4CBB58F669BE}.Debug|x86.Build.0 = Debug|Win32
		{BA4EB2AB-603E-4FE9-AB8D-4CBB58F669BE}.Profile|Any CPU.ActiveCfg = Release|x64
		{BA4EB2AB-603E-4FE9-AB8D-4CBB58F669BE}.Profile|Any CPU.Build.0 = Release|x64
		{BA4EB2AB-603E-4FE9-AB8D-4CBB58F669BE}.Profile|ARM64.ActiveCfg = Release|Win32
		{BA4EB2AB-603E-4FE9-AB8D-4CBB58F669BE}.Profile|ARM64.Build.0 = Release|Win32
		{BA4EB2AB-603E-4FE9-AB8D-4CBB58F669BE}.Profile|x64.ActiveCfg = Release|x64
		{BA4EB2AB-603E-4FE9-AB8D-4CBB58F669BE}.Profile|x64.Build.0 = Release|x64
		{BA4EB2AB-603E-4FE9-AB8D-4CBB58F669BE}.Profile|x86.ActiveCfg = Release|Win32
		{BA4EB2AB-603E-4FE9-AB8D-4CBB58F669BE}.Profile|x86.Build.0 = Release|Win32
		{BA4EB2AB-603E-4FE9-AB8D-4CBB58F669BE}.Release|Any CPU.ActiveCfg = Release|Win32
		{BA4EB2AB-603E-4FE9-AB8D-4CBB58F669BE}.Release|ARM64.ActiveCfg = Release|Win32
		{BA4EB2AB-603E-4FE9-AB8D-4CBB58F669BE}.Release|x64.ActiveCfg = Release|x64
		{BA4EB2AB-603E-4FE9-AB8D-4CBB58F669BE}.Release|x64.Build.0 = Release|x64
		{BA4EB2AB-603E-4FE9-AB8D-4CBB58F669BE}.Release|x86.ActiveCfg = Release|Win32
		{BA4EB2AB-603E-4FE9-AB8D-4CBB58F669BE}.Release|x86.Build.0 = Release|Win32
		{371B9FA9-4C90-4AC6-A123-ACED756D6C77}.Debug|Any CPU.ActiveCfg = Debug|Win32
		{371B9FA9-4C90-4AC6-A123-ACED756D6C77}.Debug|ARM64.ActiveCfg = Debug|Win32
		{371B9FA9-4C90-4AC6-A123-ACED756D6C77}.Debug|x64.ActiveCfg = Debug|x64
		{371B9FA9-4C90-4AC6-A123-ACED756D6C77}.Debug|x64.Build.0 = Debug|x64
		{371B9FA9-4C90-4AC6-A123-ACED756D6C77}.Debug|x86.ActiveCfg = Debug|Win32
		{371B9FA9-4C90-4AC6-A123-ACED756D6C77}.Debug|x86.Build.0 = Debug|Win32
		{371B9FA9-4C90-4AC6-A123-ACED756D6C77}.Profile|Any CPU.ActiveCfg = Profile|Win32
		{371B9FA9-4C90-4AC6-A123-ACED756D6C77}.Profile|ARM64.ActiveCfg = Profile|Win32
		{371B9FA9-4C90-4AC6-A123-ACED756D6C77}.Profile|x64.ActiveCfg = Profile|x64
		{371B9FA9-4C90-4AC6-A123-ACED756D6C77}.Profile|x64.Build.0 = Profile|x64
		{371B9FA9-4C90-4AC6-A123-ACED756D6C77}.Profile|x86.ActiveCfg = Profile|Win32
		{371B9FA9-4C90-4AC6-A123-ACED756D6C77}.Profile|x86.Build.0 = Profile|Win32
		{371B9FA9-4C90-4AC6-A123-ACED756D6C77}.Release|Any CPU.ActiveCfg = Release|Win32
		{371B9FA9-4C90-4AC6-A123-ACED756D6C77}.Release|ARM64.ActiveCfg = Release|Win32
		{371B9FA9-4C90-4AC6-A123-ACED756D6C77}.Release|x64.ActiveCfg = Release|x64
		{371B9FA9-4C90-4AC6-A123-ACED756D6C77}.Release|x64.Build.0 = Release|x64
		{371B9FA9-4C90-4AC6-A123-ACED756D6C77}.Release|x86.ActiveCfg = Release|Win32
		{371B9FA9-4C90-4AC6-A123-ACED756D6C77}.Release|x86.Build.0 = Release|Win32
		{E0B52AE7-E160-4D32-BF3F-910B785E5A8E}.Debug|Any CPU.ActiveCfg = Debug|Win32
		{E0B52AE7-E160-4D32-BF3F-910B785E5A8E}.Debug|ARM64.ActiveCfg = Debug|Win32
		{E0B52AE7-E160-4D32-BF3F-910B785E5A8E}.Debug|x64.ActiveCfg = Debug|x64
		{E0B52AE7-E160-4D32-BF3F-910B785E5A8E}.Debug|x64.Build.0 = Debug|x64
		{E0B52AE7-E160-4D32-BF3F-910B785E5A8E}.Debug|x86.ActiveCfg = Debug|Win32
		{E0B52AE7-E160-4D32-BF3F-910B785E5A8E}.Debug|x86.Build.0 = Debug|Win32
		{E0B52AE7-E160-4D32-BF3F-910B785E5A8E}.Profile|Any CPU.ActiveCfg = Release|x64
		{E0B52AE7-E160-4D32-BF3F-910B785E5A8E}.Profile|Any CPU.Build.0 = Release|x64
		{E0B52AE7-E160-4D32-BF3F-910B785E5A8E}.Profile|ARM64.ActiveCfg = Release|x64
		{E0B52AE7-E160-4D32-BF3F-910B785E5A8E}.Profile|ARM64.Build.0 = Release|x64
		{E0B52AE7-E160-4D32-BF3F-910B785E5A8E}.Profile|x64.ActiveCfg = Release|x64
		{E0B52AE7-E160-4D32-BF3F-910B785E5A8E}.Profile|x64.Build.0 = Release|x64
		{E0B52AE7-E160-4D32-BF3F-910B785E5A8E}.Profile|x86.ActiveCfg = Release|Win32
		{E0B52AE7-E160-4D32-BF3F-910B785E5A8E}.Profile|x86.Build.0 = Release|Win32
		{E0B52AE7-E160-4D32-BF3F-910B785E5A8E}.Release|Any CPU.ActiveCfg = Release|Win32
		{E0B52AE7-E160-4D32-BF3F-910B785E5A8E}.Release|ARM64.ActiveCfg = Release|Win32
		{E0B52AE7-E160-4D32-BF3F-910B785E5A8E}.Release|x64.ActiveCfg = Release|x64
		{E0B52AE7-E160-4D32-BF3F-910B785E5A8E}.Release|x64.Build.0 = Release|x64
		{E0B52AE7-E160-4D32-BF3F-910B785E5A8E}.Release|x86.ActiveCfg = Release|Win32
		{E0B52AE7-E160-4D32-BF3F-910B785E5A8E}.Release|x86.Build.0 = Release|Win32
	EndGlobalSection
	GlobalSection(SolutionProperties) = preSolution
		HideSolutionNode = FALSE
	EndGlobalSection
	GlobalSection(ExtensibilityGlobals) = postSolution
		SolutionGuid = {910A4DD9-E468-454A-94BE-177C27AB567C}
	EndGlobalSection
EndGlobal
